
Microsoft Visual Studio Solution File, Format Version 12.00
# Visual Studio Version 17
VisualStudioVersion = 17.0.31903.59
MinimumVisualStudioVersion = 10.0.40219.1
Project("{2150E333-8FDC-42A3-9474-1A3956D46DE8}") = "src", "src", "{DFCBA518-56AA-4917-9F71-C027B3D22E2E}"
EndProject
Project("{FAE04EC0-301F-11D3-BF4B-00C04F79EFBC}") = "Blog.Mvc", "src\Blog.Mvc\Blog.Mvc.csproj", "{AF851AC1-382B-4935-AF78-6543FCBFA3FB}"
EndProject
Project("{FAE04EC0-301F-11D3-BF4B-00C04F79EFBC}") = "Blog.Data", "src\Blog.Data\Blog.Data.csproj", "{3535492C-825D-42EA-80D6-C2FD1CE85338}"
EndProject
Project("{FAE04EC0-301F-11D3-BF4B-00C04F79EFBC}") = "Blog.Api", "src\Blog.Api\Blog.Api.csproj", "{71834780-D04F-418D-A53A-016B3C1A9BB1}"
EndProject
Global
	GlobalSection(SolutionConfigurationPlatforms) = preSolution
		Debug|Any CPU = Debug|Any CPU
		Release|Any CPU = Release|Any CPU
	EndGlobalSection
	GlobalSection(SolutionProperties) = preSolution
		HideSolutionNode = FALSE
	EndGlobalSection
	GlobalSection(ProjectConfigurationPlatforms) = postSolution
		{AF851AC1-382B-4935-AF78-6543FCBFA3FB}.Debug|Any CPU.ActiveCfg = Debug|Any CPU
		{AF851AC1-382B-4935-AF78-6543FCBFA3FB}.Debug|Any CPU.Build.0 = Debug|Any CPU
		{AF851AC1-382B-4935-AF78-6543FCBFA3FB}.Release|Any CPU.ActiveCfg = Release|Any CPU
		{AF851AC1-382B-4935-AF78-6543FCBFA3FB}.Release|Any CPU.Build.0 = Release|Any CPU
		{3535492C-825D-42EA-80D6-C2FD1CE85338}.Debug|Any CPU.ActiveCfg = Debug|Any CPU
		{3535492C-825D-42EA-80D6-C2FD1CE85338}.Debug|Any CPU.Build.0 = Debug|Any CPU
		{3535492C-825D-42EA-80D6-C2FD1CE85338}.Release|Any CPU.ActiveCfg = Release|Any CPU
		{3535492C-825D-42EA-80D6-C2FD1CE85338}.Release|Any CPU.Build.0 = Release|Any CPU
		{71834780-D04F-418D-A53A-016B3C1A9BB1}.Debug|Any CPU.ActiveCfg = Debug|Any CPU
		{71834780-D04F-418D-A53A-016B3C1A9BB1}.Debug|Any CPU.Build.0 = Debug|Any CPU
		{71834780-D04F-418D-A53A-016B3C1A9BB1}.Release|Any CPU.ActiveCfg = Release|Any CPU
		{71834780-D04F-418D-A53A-016B3C1A9BB1}.Release|Any CPU.Build.0 = Release|Any CPU
	EndGlobalSection
	GlobalSection(NestedProjects) = preSolution
		{AF851AC1-382B-4935-AF78-6543FCBFA3FB} = {DFCBA518-56AA-4917-9F71-C027B3D22E2E}
		{3535492C-825D-42EA-80D6-C2FD1CE85338} = {DFCBA518-56AA-4917-9F71-C027B3D22E2E}
		{71834780-D04F-418D-A53A-016B3C1A9BB1} = {DFCBA518-56AA-4917-9F71-C027B3D22E2E}
	EndGlobalSection
EndGlobal
